
Microsoft Visual Studio Solution File, Format Version 12.00
# Visual Studio Version 17
VisualStudioVersion = 17.5.33414.496
MinimumVisualStudioVersion = 10.0.40219.1
Project("{FAE04EC0-301F-11D3-BF4B-00C04F79EFBC}") = "StellarisNamesColorer", "StellarisNamesColorer\StellarisNamesColorer.csproj", "{CBA27193-F126-49A2-ACD4-E60BE0813F0A}"
EndProject
Global
	GlobalSection(SolutionConfigurationPlatforms) = preSolution
		Debug|Any CPU = Debug|Any CPU
		Release|Any CPU = Release|Any CPU
	EndGlobalSection
	GlobalSection(ProjectConfigurationPlatforms) = postSolution
		{CBA27193-F126-49A2-ACD4-E60BE0813F0A}.Debug|Any CPU.ActiveCfg = Debug|Any CPU
		{CBA27193-F126-49A2-ACD4-E60BE0813F0A}.Debug|Any CPU.Build.0 = Debug|Any CPU
		{CBA27193-F126-49A2-ACD4-E60BE0813F0A}.Release|Any CPU.ActiveCfg = Release|Any CPU
		{CBA27193-F126-49A2-ACD4-E60BE0813F0A}.Release|Any CPU.Build.0 = Release|Any CPU
	EndGlobalSection
	GlobalSection(SolutionProperties) = preSolution
		HideSolutionNode = FALSE
	EndGlobalSection
	GlobalSection(ExtensibilityGlobals) = postSolution
		SolutionGuid = {3B8A424C-FE44-4ACF-A779-2BCD674B1C9D}
	EndGlobalSection
EndGlobal
